{
  "name": "bodega-backend",
  "lockfileVersion": 3,
  "requires": true,
  "packages": {
    "": {
      "dependencies": {
        "doppler": "^1.0.0"
      }
    },
    "node_modules/doppler": {
      "version": "1.0.0",
      "resolved": "https://registry.npmjs.org/doppler/-/doppler-1.0.0.tgz",
      "integrity": "sha512-fr1qJ1KSNhdTO3GPeq6GE0SxbpLcRR+CnQmd9wS1//6x2zPlNQQlC64eker/rE6b0CDNBkhsvJamR51M4YC6TQ=="
    }
  }
}
